
Microsoft Visual Studio Solution File, Format Version 12.00
# Visual Studio Version 17
VisualStudioVersion = 17.0.32126.317
MinimumVisualStudioVersion = 10.0.40219.1
Project("{FAE04EC0-301F-11D3-BF4B-00C04F79EFBC}") = "Triangulo_funcoes", "Triangulo_funcoes.csproj", "{B7BF4D5F-3B57-4C42-983A-BBAE61568850}"
EndProject
Global
	GlobalSection(SolutionConfigurationPlatforms) = preSolution
		Debug|Any CPU = Debug|Any CPU
		Release|Any CPU = Release|Any CPU
	EndGlobalSection
	GlobalSection(ProjectConfigurationPlatforms) = postSolution
		{B7BF4D5F-3B57-4C42-983A-BBAE61568850}.Debug|Any CPU.ActiveCfg = Debug|Any CPU
		{B7BF4D5F-3B57-4C42-983A-BBAE61568850}.Debug|Any CPU.Build.0 = Debug|Any CPU
		{B7BF4D5F-3B57-4C42-983A-BBAE61568850}.Release|Any CPU.ActiveCfg = Release|Any CPU
		{B7BF4D5F-3B57-4C42-983A-BBAE61568850}.Release|Any CPU.Build.0 = Release|Any CPU
	EndGlobalSection
	GlobalSection(SolutionProperties) = preSolution
		HideSolutionNode = FALSE
	EndGlobalSection
	GlobalSection(ExtensibilityGlobals) = postSolution
		SolutionGuid = {326854FA-38D8-4B7B-9291-4531C4F1A258}
	EndGlobalSection
EndGlobal
